
Microsoft Visual Studio Solution File, Format Version 12.00
# Visual Studio Version 17
VisualStudioVersion = 17.7.33808.371
MinimumVisualStudioVersion = 10.0.40219.1
Project("{FAE04EC0-301F-11D3-BF4B-00C04F79EFBC}") = "WebPhoneMobile", "WebPhoneMobile\WebPhoneMobile.csproj", "{A2D12F4C-148D-4A91-A712-1566FC3C7D6F}"
EndProject
Global
	GlobalSection(SolutionConfigurationPlatforms) = preSolution
		Debug|Any CPU = Debug|Any CPU
		Release|Any CPU = Release|Any CPU
	EndGlobalSection
	GlobalSection(ProjectConfigurationPlatforms) = postSolution
		{A2D12F4C-148D-4A91-A712-1566FC3C7D6F}.Debug|Any CPU.ActiveCfg = Debug|Any CPU
		{A2D12F4C-148D-4A91-A712-1566FC3C7D6F}.Debug|Any CPU.Build.0 = Debug|Any CPU
		{A2D12F4C-148D-4A91-A712-1566FC3C7D6F}.Release|Any CPU.ActiveCfg = Release|Any CPU
		{A2D12F4C-148D-4A91-A712-1566FC3C7D6F}.Release|Any CPU.Build.0 = Release|Any CPU
	EndGlobalSection
	GlobalSection(SolutionProperties) = preSolution
		HideSolutionNode = FALSE
	EndGlobalSection
	GlobalSection(ExtensibilityGlobals) = postSolution
		SolutionGuid = {9AF23361-B9EF-43DF-B896-ADAA92733C9F}
	EndGlobalSection
EndGlobal
